
Microsoft Visual Studio Solution File, Format Version 12.00
# Visual Studio Version 16
VisualStudioVersion = 16.0.31129.286
MinimumVisualStudioVersion = 10.0.40219.1
Project("{8BC9CEB8-8B4A-11D0-8D11-00A0C91BC942}") = "dyn_miner", "dyn_miner\dyn_miner.vcxproj", "{A6007ACF-50ED-4092-A570-C2F1C76D8B75}"
EndProject
Global
	GlobalSection(SolutionConfigurationPlatforms) = preSolution
		Debug|x64 = Debug|x64
		Debug|x86 = Debug|x86
		Release|x64 = Release|x64
		Release|x86 = Release|x86
	EndGlobalSection
	GlobalSection(ProjectConfigurationPlatforms) = postSolution
		{A6007ACF-50ED-4092-A570-C2F1C76D8B75}.Debug|x64.ActiveCfg = Debug|x64
		{A6007ACF-50ED-4092-A570-C2F1C76D8B75}.Debug|x64.Build.0 = Debug|x64
		{A6007ACF-50ED-4092-A570-C2F1C76D8B75}.Debug|x86.ActiveCfg = Debug|Win32
		{A6007ACF-50ED-4092-A570-C2F1C76D8B75}.Debug|x86.Build.0 = Debug|Win32
		{A6007ACF-50ED-4092-A570-C2F1C76D8B75}.Release|x64.ActiveCfg = Release|x64
		{A6007ACF-50ED-4092-A570-C2F1C76D8B75}.Release|x64.Build.0 = Release|x64
		{A6007ACF-50ED-4092-A570-C2F1C76D8B75}.Release|x86.ActiveCfg = Release|Win32
		{A6007ACF-50ED-4092-A570-C2F1C76D8B75}.Release|x86.Build.0 = Release|Win32
	EndGlobalSection
	GlobalSection(SolutionProperties) = preSolution
		HideSolutionNode = FALSE
	EndGlobalSection
	GlobalSection(ExtensibilityGlobals) = postSolution
		SolutionGuid = {525376B7-6A31-412E-B304-54BEC5F3A90E}
	EndGlobalSection
EndGlobal
